
Microsoft Visual Studio Solution File, Format Version 12.00
# Visual Studio Version 17
VisualStudioVersion = 17.0.31912.275
MinimumVisualStudioVersion = 10.0.40219.1
Project("{9A19103F-16F7-4668-BE54-9A1E7A4F7556}") = "Puzzle11", "Puzzle11\Puzzle11.csproj", "{FB7188EA-AB55-4740-8C0C-5332400243CF}"
EndProject
Project("{9A19103F-16F7-4668-BE54-9A1E7A4F7556}") = "Puzzle12", "Puzzle12\Puzzle12.csproj", "{46017A25-CA84-4D5F-ABBA-CFB4826415C7}"
EndProject
Project("{9A19103F-16F7-4668-BE54-9A1E7A4F7556}") = "Puzzle21", "Puzzle21\Puzzle21.csproj", "{B1CC3870-1C39-47F7-8139-62C4A921E6EF}"
EndProject
Project("{9A19103F-16F7-4668-BE54-9A1E7A4F7556}") = "Puzzle22", "Puzzle22\Puzzle22.csproj", "{84EEEB18-3C5E-426C-A38B-AA50FE2254E2}"
EndProject
Project("{9A19103F-16F7-4668-BE54-9A1E7A4F7556}") = "Puzzle31", "Puzzle31\Puzzle31.csproj", "{C100732A-A78D-489B-A7D5-173A7DC80ED7}"
EndProject
Project("{9A19103F-16F7-4668-BE54-9A1E7A4F7556}") = "Puzzle32", "Puzzle32\Puzzle32.csproj", "{009A624B-2746-4D55-9B74-9432B93D68F0}"
EndProject
Project("{9A19103F-16F7-4668-BE54-9A1E7A4F7556}") = "Puzzle41", "Puzzle41\Puzzle41.csproj", "{30D064EF-7B69-446F-B305-A274FD9E26EE}"
EndProject
Project("{9A19103F-16F7-4668-BE54-9A1E7A4F7556}") = "Puzzle42", "Puzzle42\Puzzle42.csproj", "{ED0C019B-ECB3-492B-8270-9032599750A9}"
EndProject
Project("{9A19103F-16F7-4668-BE54-9A1E7A4F7556}") = "Puzzle51", "Puzzle51\Puzzle51.csproj", "{FCEC0318-F3B4-4FA9-86A8-07940DD91287}"
EndProject
Project("{9A19103F-16F7-4668-BE54-9A1E7A4F7556}") = "Puzzle52", "Puzzle52\Puzzle52.csproj", "{9C4E198C-AD68-4C85-9E00-C32B58C129F9}"
EndProject
Project("{9A19103F-16F7-4668-BE54-9A1E7A4F7556}") = "Puzzle61", "Puzzle61\Puzzle61.csproj", "{75649F3A-6ACC-444B-9C17-894570C7B090}"
EndProject
Project("{9A19103F-16F7-4668-BE54-9A1E7A4F7556}") = "Puzzle71", "Puzzle71\Puzzle71.csproj", "{8E76796C-3193-4B45-B88F-A6D433333E53}"
EndProject
Project("{9A19103F-16F7-4668-BE54-9A1E7A4F7556}") = "Puzzle72", "Puzzle72\Puzzle72.csproj", "{D5CD483D-8E26-4D93-A916-B792785AE4C7}"
EndProject
Project("{9A19103F-16F7-4668-BE54-9A1E7A4F7556}") = "Puzzle81", "Puzzle81\Puzzle81.csproj", "{BA89CE46-55FF-4A12-AFC7-1A235C751B4B}"
EndProject
Project("{9A19103F-16F7-4668-BE54-9A1E7A4F7556}") = "Puzzle82", "Puzzle82\Puzzle82.csproj", "{E631A180-737B-4EBA-82CB-7BB90A34E761}"
EndProject
Project("{9A19103F-16F7-4668-BE54-9A1E7A4F7556}") = "Puzzle91", "Puzzle91\Puzzle91.csproj", "{B09ECDE8-0032-44C6-A384-B76EE002B967}"
EndProject
Project("{9A19103F-16F7-4668-BE54-9A1E7A4F7556}") = "Puzzle92", "Puzzle92\Puzzle92.csproj", "{AE1FB285-E8AE-4982-B703-2DE1C2ADAF95}"
EndProject
Project("{FAE04EC0-301F-11D3-BF4B-00C04F79EFBC}") = "Puzzle101", "Puzzle101\Puzzle101.csproj", "{9D90AC37-B8AF-477C-A5CC-22C0CCFDE4B5}"
EndProject
Global
	GlobalSection(SolutionConfigurationPlatforms) = preSolution
		Debug|Any CPU = Debug|Any CPU
		Release|Any CPU = Release|Any CPU
	EndGlobalSection
	GlobalSection(ProjectConfigurationPlatforms) = postSolution
		{FB7188EA-AB55-4740-8C0C-5332400243CF}.Debug|Any CPU.ActiveCfg = Debug|Any CPU
		{FB7188EA-AB55-4740-8C0C-5332400243CF}.Debug|Any CPU.Build.0 = Debug|Any CPU
		{FB7188EA-AB55-4740-8C0C-5332400243CF}.Release|Any CPU.ActiveCfg = Release|Any CPU
		{FB7188EA-AB55-4740-8C0C-5332400243CF}.Release|Any CPU.Build.0 = Release|Any CPU
		{46017A25-CA84-4D5F-ABBA-CFB4826415C7}.Debug|Any CPU.ActiveCfg = Debug|Any CPU
		{46017A25-CA84-4D5F-ABBA-CFB4826415C7}.Debug|Any CPU.Build.0 = Debug|Any CPU
		{46017A25-CA84-4D5F-ABBA-CFB4826415C7}.Release|Any CPU.ActiveCfg = Release|Any CPU
		{46017A25-CA84-4D5F-ABBA-CFB4826415C7}.Release|Any CPU.Build.0 = Release|Any CPU
		{B1CC3870-1C39-47F7-8139-62C4A921E6EF}.Debug|Any CPU.ActiveCfg = Debug|Any CPU
		{B1CC3870-1C39-47F7-8139-62C4A921E6EF}.Debug|Any CPU.Build.0 = Debug|Any CPU
		{B1CC3870-1C39-47F7-8139-62C4A921E6EF}.Release|Any CPU.ActiveCfg = Release|Any CPU
		{B1CC3870-1C39-47F7-8139-62C4A921E6EF}.Release|Any CPU.Build.0 = Release|Any CPU
		{84EEEB18-3C5E-426C-A38B-AA50FE2254E2}.Debug|Any CPU.ActiveCfg = Debug|Any CPU
		{84EEEB18-3C5E-426C-A38B-AA50FE2254E2}.Debug|Any CPU.Build.0 = Debug|Any CPU
		{84EEEB18-3C5E-426C-A38B-AA50FE2254E2}.Release|Any CPU.ActiveCfg = Release|Any CPU
		{84EEEB18-3C5E-426C-A38B-AA50FE2254E2}.Release|Any CPU.Build.0 = Release|Any CPU
		{C100732A-A78D-489B-A7D5-173A7DC80ED7}.Debug|Any CPU.ActiveCfg = Debug|Any CPU
		{C100732A-A78D-489B-A7D5-173A7DC80ED7}.Debug|Any CPU.Build.0 = Debug|Any CPU
		{C100732A-A78D-489B-A7D5-173A7DC80ED7}.Release|Any CPU.ActiveCfg = Release|Any CPU
		{C100732A-A78D-489B-A7D5-173A7DC80ED7}.Release|Any CPU.Build.0 = Release|Any CPU
		{009A624B-2746-4D55-9B74-9432B93D68F0}.Debug|Any CPU.ActiveCfg = Debug|Any CPU
		{009A624B-2746-4D55-9B74-9432B93D68F0}.Debug|Any CPU.Build.0 = Debug|Any CPU
		{009A624B-2746-4D55-9B74-9432B93D68F0}.Release|Any CPU.ActiveCfg = Release|Any CPU
		{009A624B-2746-4D55-9B74-9432B93D68F0}.Release|Any CPU.Build.0 = Release|Any CPU
		{30D064EF-7B69-446F-B305-A274FD9E26EE}.Debug|Any CPU.ActiveCfg = Debug|Any CPU
		{30D064EF-7B69-446F-B305-A274FD9E26EE}.Debug|Any CPU.Build.0 = Debug|Any CPU
		{30D064EF-7B69-446F-B305-A274FD9E26EE}.Release|Any CPU.ActiveCfg = Release|Any CPU
		{30D064EF-7B69-446F-B305-A274FD9E26EE}.Release|Any CPU.Build.0 = Release|Any CPU
		{ED0C019B-ECB3-492B-8270-9032599750A9}.Debug|Any CPU.ActiveCfg = Debug|Any CPU
		{ED0C019B-ECB3-492B-8270-9032599750A9}.Debug|Any CPU.Build.0 = Debug|Any CPU
		{ED0C019B-ECB3-492B-8270-9032599750A9}.Release|Any CPU.ActiveCfg = Release|Any CPU
		{ED0C019B-ECB3-492B-8270-9032599750A9}.Release|Any CPU.Build.0 = Release|Any CPU
		{FCEC0318-F3B4-4FA9-86A8-07940DD91287}.Debug|Any CPU.ActiveCfg = Debug|Any CPU
		{FCEC0318-F3B4-4FA9-86A8-07940DD91287}.Debug|Any CPU.Build.0 = Debug|Any CPU
		{FCEC0318-F3B4-4FA9-86A8-07940DD91287}.Release|Any CPU.ActiveCfg = Release|Any CPU
		{FCEC0318-F3B4-4FA9-86A8-07940DD91287}.Release|Any CPU.Build.0 = Release|Any CPU
		{9C4E198C-AD68-4C85-9E00-C32B58C129F9}.Debug|Any CPU.ActiveCfg = Debug|Any CPU
		{9C4E198C-AD68-4C85-9E00-C32B58C129F9}.Debug|Any CPU.Build.0 = Debug|Any CPU
		{9C4E198C-AD68-4C85-9E00-C32B58C129F9}.Release|Any CPU.ActiveCfg = Release|Any CPU
		{9C4E198C-AD68-4C85-9E00-C32B58C129F9}.Release|Any CPU.Build.0 = Release|Any CPU
		{75649F3A-6ACC-444B-9C17-894570C7B090}.Debug|Any CPU.ActiveCfg = Debug|Any CPU
		{75649F3A-6ACC-444B-9C17-894570C7B090}.Debug|Any CPU.Build.0 = Debug|Any CPU
		{75649F3A-6ACC-444B-9C17-894570C7B090}.Release|Any CPU.ActiveCfg = Release|Any CPU
		{75649F3A-6ACC-444B-9C17-894570C7B090}.Release|Any CPU.Build.0 = Release|Any CPU
		{8E76796C-3193-4B45-B88F-A6D433333E53}.Debug|Any CPU.ActiveCfg = Debug|Any CPU
		{8E76796C-3193-4B45-B88F-A6D433333E53}.Debug|Any CPU.Build.0 = Debug|Any CPU
		{8E76796C-3193-4B45-B88F-A6D433333E53}.Release|Any CPU.ActiveCfg = Release|Any CPU
		{8E76796C-3193-4B45-B88F-A6D433333E53}.Release|Any CPU.Build.0 = Release|Any CPU
		{D5CD483D-8E26-4D93-A916-B792785AE4C7}.Debug|Any CPU.ActiveCfg = Debug|Any CPU
		{D5CD483D-8E26-4D93-A916-B792785AE4C7}.Debug|Any CPU.Build.0 = Debug|Any CPU
		{D5CD483D-8E26-4D93-A916-B792785AE4C7}.Release|Any CPU.ActiveCfg = Release|Any CPU
		{D5CD483D-8E26-4D93-A916-B792785AE4C7}.Release|Any CPU.Build.0 = Release|Any CPU
		{BA89CE46-55FF-4A12-AFC7-1A235C751B4B}.Debug|Any CPU.ActiveCfg = Debug|Any CPU
		{BA89CE46-55FF-4A12-AFC7-1A235C751B4B}.Debug|Any CPU.Build.0 = Debug|Any CPU
		{BA89CE46-55FF-4A12-AFC7-1A235C751B4B}.Release|Any CPU.ActiveCfg = Release|Any CPU
		{BA89CE46-55FF-4A12-AFC7-1A235C751B4B}.Release|Any CPU.Build.0 = Release|Any CPU
		{E631A180-737B-4EBA-82CB-7BB90A34E761}.Debug|Any CPU.ActiveCfg = Debug|Any CPU
		{E631A180-737B-4EBA-82CB-7BB90A34E761}.Debug|Any CPU.Build.0 = Debug|Any CPU
		{E631A180-737B-4EBA-82CB-7BB90A34E761}.Release|Any CPU.ActiveCfg = Release|Any CPU
		{E631A180-737B-4EBA-82CB-7BB90A34E761}.Release|Any CPU.Build.0 = Release|Any CPU
		{B09ECDE8-0032-44C6-A384-B76EE002B967}.Debug|Any CPU.ActiveCfg = Debug|Any CPU
		{B09ECDE8-0032-44C6-A384-B76EE002B967}.Debug|Any CPU.Build.0 = Debug|Any CPU
		{B09ECDE8-0032-44C6-A384-B76EE002B967}.Release|Any CPU.ActiveCfg = Release|Any CPU
		{B09ECDE8-0032-44C6-A384-B76EE002B967}.Release|Any CPU.Build.0 = Release|Any CPU
		{AE1FB285-E8AE-4982-B703-2DE1C2ADAF95}.Debug|Any CPU.ActiveCfg = Debug|Any CPU
		{AE1FB285-E8AE-4982-B703-2DE1C2ADAF95}.Debug|Any CPU.Build.0 = Debug|Any CPU
		{AE1FB285-E8AE-4982-B703-2DE1C2ADAF95}.Release|Any CPU.ActiveCfg = Release|Any CPU
		{AE1FB285-E8AE-4982-B703-2DE1C2ADAF95}.Release|Any CPU.Build.0 = Release|Any CPU
		{9D90AC37-B8AF-477C-A5CC-22C0CCFDE4B5}.Debug|Any CPU.ActiveCfg = Debug|Any CPU
		{9D90AC37-B8AF-477C-A5CC-22C0CCFDE4B5}.Debug|Any CPU.Build.0 = Debug|Any CPU
		{9D90AC37-B8AF-477C-A5CC-22C0CCFDE4B5}.Release|Any CPU.ActiveCfg = Release|Any CPU
		{9D90AC37-B8AF-477C-A5CC-22C0CCFDE4B5}.Release|Any CPU.Build.0 = Release|Any CPU
	EndGlobalSection
	GlobalSection(SolutionProperties) = preSolution
		HideSolutionNode = FALSE
	EndGlobalSection
	GlobalSection(ExtensibilityGlobals) = postSolution
		SolutionGuid = {3C0D2C3D-6707-435B-AC84-FD223C6E26F1}
	EndGlobalSection
EndGlobal
